
Microsoft Visual Studio Solution File, Format Version 12.00
# Visual Studio Version 16
VisualStudioVersion = 16.0.31515.178
MinimumVisualStudioVersion = 10.0.40219.1
Project("{FAE04EC0-301F-11D3-BF4B-00C04F79EFBC}") = "SandBoxSFML", "SandBoxSFML\SandBoxSFML.csproj", "{8E3BD752-0774-4090-AE4C-1ECEAFCDCAF3}"
EndProject
Global
	GlobalSection(SolutionConfigurationPlatforms) = preSolution
		Debug|Any CPU = Debug|Any CPU
		Release|Any CPU = Release|Any CPU
	EndGlobalSection
	GlobalSection(ProjectConfigurationPlatforms) = postSolution
		{8E3BD752-0774-4090-AE4C-1ECEAFCDCAF3}.Debug|Any CPU.ActiveCfg = Debug|Any CPU
		{8E3BD752-0774-4090-AE4C-1ECEAFCDCAF3}.Debug|Any CPU.Build.0 = Debug|Any CPU
		{8E3BD752-0774-4090-AE4C-1ECEAFCDCAF3}.Release|Any CPU.ActiveCfg = Release|Any CPU
		{8E3BD752-0774-4090-AE4C-1ECEAFCDCAF3}.Release|Any CPU.Build.0 = Release|Any CPU
	EndGlobalSection
	GlobalSection(SolutionProperties) = preSolution
		HideSolutionNode = FALSE
	EndGlobalSection
	GlobalSection(ExtensibilityGlobals) = postSolution
		SolutionGuid = {492F8A01-8589-4C19-A14B-89FEBAA7A62B}
	EndGlobalSection
EndGlobal
